
Microsoft Visual Studio Solution File, Format Version 11.00
# Visual Studio 2010
Project("{FAE04EC0-301F-11D3-BF4B-00C04F79EFBC}") = "BlueBlocksTest", "BlueBlocks\BlueBlocksTest.csproj", "{FEE0FAD5-8FF7-407C-95FE-F108C8CB0ABC}"
EndProject
Project("{FAE04EC0-301F-11D3-BF4B-00C04F79EFBC}") = "BlueBlocksLib", "BlueBlocksLib\BlueBlocksLib.csproj", "{3E610D1E-838A-4EAB-80AE-CA4E78C2D83A}"
EndProject
Global
	GlobalSection(SolutionConfigurationPlatforms) = preSolution
		Debug|Any CPU = Debug|Any CPU
		Release|Any CPU = Release|Any CPU
	EndGlobalSection
	GlobalSection(ProjectConfigurationPlatforms) = postSolution
		{3E610D1E-838A-4EAB-80AE-CA4E78C2D83A}.Debug|Any CPU.ActiveCfg = Debug|Any CPU
		{3E610D1E-838A-4EAB-80AE-CA4E78C2D83A}.Debug|Any CPU.Build.0 = Debug|Any CPU
		{3E610D1E-838A-4EAB-80AE-CA4E78C2D83A}.Release|Any CPU.ActiveCfg = Release|Any CPU
		{3E610D1E-838A-4EAB-80AE-CA4E78C2D83A}.Release|Any CPU.Build.0 = Release|Any CPU
		{FEE0FAD5-8FF7-407C-95FE-F108C8CB0ABC}.Debug|Any CPU.ActiveCfg = Debug|x86
		{FEE0FAD5-8FF7-407C-95FE-F108C8CB0ABC}.Debug|Any CPU.Build.0 = Debug|x86
		{FEE0FAD5-8FF7-407C-95FE-F108C8CB0ABC}.Release|Any CPU.ActiveCfg = Release|x86
	EndGlobalSection
	GlobalSection(MonoDevelopProperties) = preSolution
		StartupItem = BlueBlocks\BlueBlocksTest.csproj
		Policies = $0
		$0.DotNetNamingPolicy = $1
		$1.DirectoryNamespaceAssociation = None
		$1.ResourceNamePolicy = FileFormatDefault
	EndGlobalSection
	GlobalSection(SolutionProperties) = preSolution
		HideSolutionNode = FALSE
	EndGlobalSection
EndGlobal
